{
  "requires": true,
  "lockfileVersion": 1,
  "dependencies": {
    "font-face": {
      "version": "2.3.4",
      "resolved": "https://registry.npmjs.org/font-face/-/font-face-2.3.4.tgz",
      "integrity": "sha512-7Ko9gU36xbTmyeh7mfyJrYB4Gwz6cI+Q/DRMJeAdq3qN8lzlLN5uMTLheCMUpHGStRKLM/mKCv+Pp7zjfMtBxQ=="
    }
  }
}
